name: Refresh v2.4.1 lockfile

on:
  push:
    branches:
      - hardening-v2.4.1

permissions:
  contents: write

jobs:
  lockfile:
    runs-on: ubuntu-latest
    steps:
      - name: Checkout branch
        uses: actions/checkout@v4
        with:
          ref: hardening-v2.4.1

      - name: Setup Node.js
        uses: actions/setup-node@v4
        with:
          node-version: 20.x

      - name: Refresh package-lock.json
        run: npm install --package-lock-only --ignore-scripts --no-audit --no-fund

      - name: Commit refreshed lockfile if changed
        shell: bash
        run: |
          if git diff --quiet -- package-lock.json; then
            echo "package-lock.json is already current."
            exit 0
          fi
          git config user.name "github-actions[bot]"
          git config user.email "41898282+github-actions[bot]@users.noreply.github.com"
          git add package-lock.json
          git commit -m "Refresh lockfile for Playwright 1.55.1"
          git push origin HEAD:hardening-v2.4.1
